<?xml version="1.0" encoding="utf-8"?>
<Project ToolsVersion="4.0" xmlns="http://schemas.microsoft.com/developer/msbuild/2003">
  <ItemGroup>
    <Filter Include="Source Files">
      <UniqueIdentifier>{4FC737F1-C7A5-4376-A066-2A32D752A2FF}</UniqueIdentifier>
      <Extensions>cpp;c;cc;cxx;def;odl;idl;hpj;bat;asm;asmx</Extensions>
    </Filter>
    <Filter Include="Header Files">
      <UniqueIdentifier>{93995380-89BD-4b04-88EB-625FBE52EBFB}</UniqueIdentifier>
      <Extensions>h;hpp;hxx;hm;inl;inc;xsd</Extensions>
    </Filter>
    <Filter Include="Resource Files">
      <UniqueIdentifier>{67DA6AB6-F800-4c08-8B7A-83BB121AAD01}</UniqueIdentifier>
      <Extensions>rc;ico;cur;bmp;dlg;rc2;rct;bin;rgs;gif;jpg;jpeg;jpe;resx;tiff;tif;png;wav;mfcribbon-ms</Extensions>
    </Filter>
    <Filter Include="Header Files\Models">
      <UniqueIdentifier>{38d3ffe1-4073-431f-a78d-f573f9b28c3f}</UniqueIdentifier>
    </Filter>
    <Filter Include="Header Files\Views">
      <UniqueIdentifier>{7095f3f5-9f03-4a11-a586-37ee5a42d5d9}</UniqueIdentifier>
    </Filter>
    <Filter Include="Header Files\Utility">
      <UniqueIdentifier>{9931bef4-7c86-4e27-a3a3-d43fd108d036}</UniqueIdentifier>
    </Filter>
    <Filter Include="Source Files\Models">
      <UniqueIdentifier>{be77459f-bf90-4dad-9e2e-1a4e0db556fa}</UniqueIdentifier>
    </Filter>
    <Filter Include="Source Files\Utility">
      <UniqueIdentifier>{30f50616-b5ad-445b-a43d-f6fe77fa02d2}</UniqueIdentifier>
    </Filter>
    <Filter Include="Source Files\Views">
      <UniqueIdentifier>{288e6bb3-5fee-4307-8bb9-398fb702c835}</UniqueIdentifier>
    </Filter>
    <Filter Include="Header Files\Controllers">
      <UniqueIdentifier>{90fc2822-147e-4bc2-9197-3349b5df68ee}</UniqueIdentifier>
    </Filter>
    <Filter Include="Source Files\Controllers">
      <UniqueIdentifier>{a4e57c8f-ca60-4539-a3ad-ef20dd37f9f5}</UniqueIdentifier>
    </Filter>
  </ItemGroup>
  <ItemGroup>
    <ClCompile Include="Source.cpp">
      <Filter>Source Files</Filter>
    </ClCompile>
    <ClCompile Include="Character.cpp">
      <Filter>Source Files\Models</Filter>
    </ClCompile>
    <ClCompile Include="Item.cpp">
      <Filter>Source Files\Models</Filter>
    </ClCompile>
    <ClCompile Include="SDL_Utilities.cpp">
      <Filter>Source Files\Utility</Filter>
    </ClCompile>
    <ClCompile Include="Entity.cpp">
      <Filter>Source Files\Models</Filter>
    </ClCompile>
    <ClCompile Include="Monster.cpp">
      <Filter>Source Files\Models</Filter>
    </ClCompile>
    <ClCompile Include="Dice.cpp">
      <Filter>Source Files\Utility</Filter>
    </ClCompile>
    <ClCompile Include="ArmourItem.cpp">
      <Filter>Source Files\Models</Filter>
    </ClCompile>
    <ClCompile Include="BeltItem.cpp">
      <Filter>Source Files\Models</Filter>
    </ClCompile>
    <ClCompile Include="BootsItem.cpp">
      <Filter>Source Files\Models</Filter>
    </ClCompile>
    <ClCompile Include="Container.cpp">
      <Filter>Source Files\Models</Filter>
    </ClCompile>
    <ClCompile Include="HelmetItem.cpp">
      <Filter>Source Files\Models</Filter>
    </ClCompile>
    <ClCompile Include="RingItem.cpp">
      <Filter>Source Files\Models</Filter>
    </ClCompile>
    <ClCompile Include="ShieldItem.cpp">
      <Filter>Source Files\Models</Filter>
    </ClCompile>
    <ClCompile Include="WeaponItem.cpp">
      <Filter>Source Files\Models</Filter>
    </ClCompile>
    <ClCompile Include="Game.cpp">
      <Filter>Source Files\Controllers</Filter>
    </ClCompile>
    <ClCompile Include="GameObject.cpp">
      <Filter>Source Files\Controllers</Filter>
    </ClCompile>
    <ClCompile Include="InputHandler.cpp">
      <Filter>Source Files\Controllers</Filter>
    </ClCompile>
    <ClCompile Include="LoaderParameters.cpp">
      <Filter>Source Files\Controllers</Filter>
    </ClCompile>
    <ClCompile Include="MainMenu.cpp">
      <Filter>Source Files\Views</Filter>
    </ClCompile>
    <ClCompile Include="TextureManager.cpp">
      <Filter>Source Files\Utility</Filter>
    </ClCompile>
    <ClCompile Include="CharacterEditor.cpp">
      <Filter>Source Files\Views</Filter>
    </ClCompile>
    <ClCompile Include="MapEditor.cpp">
      <Filter>Source Files\Views</Filter>
    </ClCompile>
    <ClCompile Include="Map.cpp">
      <Filter>Source Files\Models</Filter>
    </ClCompile>
    <ClCompile Include="MapView.cpp">
      <Filter>Source Files\Views</Filter>
    </ClCompile>
    <ClCompile Include="GameEngine.cpp">
      <Filter>Source Files\Views</Filter>
    </ClCompile>
    <ClCompile Include="GameEngineMap.cpp">
      <Filter>Source Files\Views</Filter>
    </ClCompile>
    <ClCompile Include="..\tinyxml\tinyxml2.cpp">
      <Filter>Source Files\Utility</Filter>
    </ClCompile>
  </ItemGroup>
  <ItemGroup>
    <ClInclude Include="Character.h">
      <Filter>Header Files\Models</Filter>
    </ClInclude>
    <ClInclude Include="Item.h">
      <Filter>Header Files\Models</Filter>
    </ClInclude>
    <ClInclude Include="Enum_Utility.h">
      <Filter>Header Files\Utility</Filter>
    </ClInclude>
    <ClInclude Include="SDL_Utilities.h">
      <Filter>Header Files\Utility</Filter>
    </ClInclude>
    <ClInclude Include="Entity.h">
      <Filter>Header Files\Models</Filter>
    </ClInclude>
    <ClInclude Include="Monster.h">
      <Filter>Header Files\Models</Filter>
    </ClInclude>
    <ClInclude Include="Dice.h">
      <Filter>Header Files\Utility</Filter>
    </ClInclude>
    <ClInclude Include="ArmourItem.h">
      <Filter>Header Files\Models</Filter>
    </ClInclude>
    <ClInclude Include="BeltItem.h">
      <Filter>Header Files\Models</Filter>
    </ClInclude>
    <ClInclude Include="BootsItem.h">
      <Filter>Header Files\Models</Filter>
    </ClInclude>
    <ClInclude Include="Container.h">
      <Filter>Header Files\Models</Filter>
    </ClInclude>
    <ClInclude Include="ContainerType.h">
      <Filter>Header Files\Models</Filter>
    </ClInclude>
    <ClInclude Include="HelmetItem.h">
      <Filter>Header Files\Models</Filter>
    </ClInclude>
    <ClInclude Include="ItemEnhancement.h">
      <Filter>Header Files\Models</Filter>
    </ClInclude>
    <ClInclude Include="ItemType.h">
      <Filter>Header Files\Models</Filter>
    </ClInclude>
    <ClInclude Include="RingItem.h">
      <Filter>Header Files\Models</Filter>
    </ClInclude>
    <ClInclude Include="WeaponItem.h">
      <Filter>Header Files\Models</Filter>
    </ClInclude>
    <ClInclude Include="ShieldItem.h">
      <Filter>Header Files\Models</Filter>
    </ClInclude>
    <ClInclude Include="Game.h">
      <Filter>Header Files\Controllers</Filter>
    </ClInclude>
    <ClInclude Include="GameObject.h">
      <Filter>Header Files\Controllers</Filter>
    </ClInclude>
    <ClInclude Include="InputHandler.h">
      <Filter>Header Files\Controllers</Filter>
    </ClInclude>
    <ClInclude Include="LoaderParameters.h">
      <Filter>Header Files\Controllers</Filter>
    </ClInclude>
    <ClInclude Include="MainMenu.h">
      <Filter>Header Files\Views</Filter>
    </ClInclude>
    <ClInclude Include="TextureManager.h">
      <Filter>Header Files\Utility</Filter>
    </ClInclude>
    <ClInclude Include="CharacterEditor.h">
      <Filter>Header Files\Views</Filter>
    </ClInclude>
    <ClInclude Include="MapEditor.h">
      <Filter>Header Files\Views</Filter>
    </ClInclude>
    <ClInclude Include="Map.h">
      <Filter>Header Files\Models</Filter>
    </ClInclude>
    <ClInclude Include="MapView.h">
      <Filter>Header Files\Views</Filter>
    </ClInclude>
    <ClInclude Include="Position.h">
      <Filter>Header Files\Utility</Filter>
    </ClInclude>
    <ClInclude Include="ButtonConstants.h">
      <Filter>Header Files\Utility</Filter>
    </ClInclude>
    <ClInclude Include="dirent.h">
      <Filter>Header Files\Utility</Filter>
    </ClInclude>
    <ClInclude Include="GameEngine.h">
      <Filter>Header Files\Views</Filter>
    </ClInclude>
    <ClInclude Include="GameEngineMap.h">
      <Filter>Header Files\Views</Filter>
    </ClInclude>
    <ClInclude Include="..\tinyxml\tinyxml2.h">
      <Filter>Header Files\Utility</Filter>
    </ClInclude>
  </ItemGroup>
  <ItemGroup>
    <Image Include="images\spritesheet.png">
      <Filter>Resource Files</Filter>
    </Image>
    <Image Include="images\main-menu\charactereditor-btn.png">
      <Filter>Resource Files</Filter>
    </Image>
    <Image Include="images\main-menu\continue-btn.png">
      <Filter>Resource Files</Filter>
    </Image>
    <Image Include="images\main-menu\mapeditor-btn.png">
      <Filter>Resource Files</Filter>
    </Image>
    <Image Include="images\main-menu\newgame-btn.png">
      <Filter>Resource Files</Filter>
    </Image>
    <Image Include="images\main-menu\quit-btn.png">
      <Filter>Resource Files</Filter>
    </Image>
    <Image Include="images\character-editor\loadcharacter-btn.png">
      <Filter>Resource Files</Filter>
    </Image>
    <Image Include="images\character-editor\newcharacter-btn.png">
      <Filter>Resource Files</Filter>
    </Image>
    <Image Include="images\main-menu.png">
      <Filter>Resource Files</Filter>
    </Image>
  </ItemGroup>
  <ItemGroup>
    <Font Include="res\Helvetica-Light.ttf">
      <Filter>Resource Files</Filter>
    </Font>
  </ItemGroup>
</Project>